<?xml version="1.0" encoding="utf-8"?>
<Project ToolsVersion="4.0" xmlns="http://schemas.microsoft.com/developer/msbuild/2003">
  <ItemGroup>
    <Filter Include="Source Files">
      <UniqueIdentifier>{4FC737F1-C7A5-4376-A066-2A32D752A2FF}</UniqueIdentifier>
      <Extensions>cpp;c;cc;cxx;c++;cppm;ixx;def;odl;idl;hpj;bat;asm;asmx</Extensions>
    </Filter>
    <Filter Include="Header Files">
      <UniqueIdentifier>{93995380-89BD-4b04-88EB-625FBE52EBFB}</UniqueIdentifier>
      <Extensions>h;hh;hpp;hxx;h++;hm;inl;inc;ipp;xsd</Extensions>
    </Filter>
    <Filter Include="Resource Files">
      <UniqueIdentifier>{67DA6AB6-F800-4c08-8B7A-83BB121AAD01}</UniqueIdentifier>
      <Extensions>rc;ico;cur;bmp;dlg;rc2;rct;bin;rgs;gif;jpg;jpeg;jpe;resx;tiff;tif;png;wav;mfcribbon-ms</Extensions>
    </Filter>
  </ItemGroup>
  <ItemGroup>
    <ClCompile Include="main.cpp">
      <Filter>Source Files</Filter>
    </ClCompile>
    <ClCompile Include="core\ACLInfo.cpp">
      <Filter>Source Files</Filter>
    </ClCompile>
    <ClCompile Include="core\AclProcessor.cpp">
      <Filter>Source Files</Filter>
    </ClCompile>
    <ClCompile Include="core\folderindex.cpp">
      <Filter>Source Files</Filter>
    </ClCompile>
    <ClCompile Include="core\folderscanner.cpp">
      <Filter>Source Files</Filter>
    </ClCompile>
    <ClCompile Include="collectors\diskcollector.cpp">
      <Filter>Source Files</Filter>
    </ClCompile>
    <ClCompile Include="collectors\diskinfo.cpp">
      <Filter>Source Files</Filter>
    </ClCompile>
    <ClCompile Include="collectors\partitions.cpp">
      <Filter>Source Files</Filter>
    </ClCompile>
    <ClCompile Include="collectors\SMBShare.cpp">
      <Filter>Source Files</Filter>
    </ClCompile>
    <ClCompile Include="collectors\volumes.cpp">
      <Filter>Source Files</Filter>
    </ClCompile>
    <ClCompile Include="database\database.cpp">
      <Filter>Source Files</Filter>
    </ClCompile>
    <ClCompile Include="database\database_schema.cpp">
      <Filter>Source Files</Filter>
    </ClCompile>
    <ClCompile Include="utils\folderutils.cpp">
      <Filter>Source Files</Filter>
    </ClCompile>
    <ClCompile Include="utils\security_utils.cpp">
      <Filter>Source Files</Filter>
    </ClCompile>
    <ClCompile Include="utils\utils.cpp">
      <Filter>Source Files</Filter>
    </ClCompile>
  </ItemGroup>
  <ItemGroup>
    <ClInclude Include="version.h">
      <Filter>Header Files</Filter>
    </ClInclude>
    <ClInclude Include="core\ACLInfo.h">
      <Filter>Header Files</Filter>
    </ClInclude>
    <ClInclude Include="core\AclProcessor.h">
      <Filter>Header Files</Filter>
    </ClInclude>
    <ClInclude Include="core\folderindex.h">
      <Filter>Header Files</Filter>
    </ClInclude>
    <ClInclude Include="core\folderscanner.h">
      <Filter>Header Files</Filter>
    </ClInclude>
    <ClInclude Include="collectors\diskcollector.h">
      <Filter>Header Files</Filter>
    </ClInclude>
    <ClInclude Include="collectors\diskinfo.h">
      <Filter>Header Files</Filter>
    </ClInclude>
    <ClInclude Include="collectors\partitions.h">
      <Filter>Header Files</Filter>
    </ClInclude>
    <ClInclude Include="collectors\SMBShare.h">
      <Filter>Header Files</Filter>
    </ClInclude>
    <ClInclude Include="collectors\volumes.h">
      <Filter>Header Files</Filter>
    </ClInclude>
    <ClInclude Include="database\database.h">
      <Filter>Header Files</Filter>
    </ClInclude>
    <ClInclude Include="database\statement.h">
      <Filter>Header Files</Filter>
    </ClInclude>
    <ClInclude Include="database\transaction.h">
      <Filter>Header Files</Filter>
    </ClInclude>
    <ClInclude Include="utils\constants.h">
      <Filter>Header Files</Filter>
    </ClInclude>
    <ClInclude Include="utils\folderutils.h">
      <Filter>Header Files</Filter>
    </ClInclude>
    <ClInclude Include="utils\raii_wrappers.h">
      <Filter>Header Files</Filter>
    </ClInclude>
    <ClInclude Include="utils\security_utils.h">
      <Filter>Header Files</Filter>
    </ClInclude>
    <ClInclude Include="utils\stringutils.h">
      <Filter>Header Files</Filter>
    </ClInclude>
    <ClInclude Include="utils\utils.h">
      <Filter>Header Files</Filter>
    </ClInclude>
  </ItemGroup>
  <ItemGroup>
    <ResourceCompile Include="version.rc">
      <Filter>Resource Files</Filter>
    </ResourceCompile>
  </ItemGroup>
  <ItemGroup>
    <None Include="packages.config" />
    <None Include="version.aps" />
  </ItemGroup>
  <ItemGroup>
    <Natvis Include="$(MSBuildThisFileDirectory)..\..\natvis\wil.natvis" />
    <Natvis Include="$(MSBuildThisFileDirectory)..\..\natvis\wil.natstepfilter" />
  </ItemGroup>
</Project>